
Microsoft Visual Studio Solution File, Format Version 12.00
# Visual Studio Version 16
VisualStudioVersion = 16.0.29209.62
MinimumVisualStudioVersion = 10.0.40219.1
Project("{FAE04EC0-301F-11D3-BF4B-00C04F79EFBC}") = "MBMPDNPLUG", "MBMPDNPLUG.csproj", "{EFD68B59-F32B-4673-B289-F079E352E657}"
EndProject
Global
	GlobalSection(SolutionConfigurationPlatforms) = preSolution
		Debug|Any CPU = Debug|Any CPU
		Release|Any CPU = Release|Any CPU
	EndGlobalSection
	GlobalSection(ProjectConfigurationPlatforms) = postSolution
		{EFD68B59-F32B-4673-B289-F079E352E657}.Debug|Any CPU.ActiveCfg = Debug|Any CPU
		{EFD68B59-F32B-4673-B289-F079E352E657}.Debug|Any CPU.Build.0 = Debug|Any CPU
		{EFD68B59-F32B-4673-B289-F079E352E657}.Release|Any CPU.ActiveCfg = Release|Any CPU
		{EFD68B59-F32B-4673-B289-F079E352E657}.Release|Any CPU.Build.0 = Release|Any CPU
	EndGlobalSection
	GlobalSection(SolutionProperties) = preSolution
		HideSolutionNode = FALSE
	EndGlobalSection
	GlobalSection(ExtensibilityGlobals) = postSolution
		SolutionGuid = {A3A921E3-23BB-437F-B822-D7BFE96043BA}
	EndGlobalSection
EndGlobal
